
Microsoft Visual Studio Solution File, Format Version 12.00
# Visual Studio Version 17
VisualStudioVersion = 17.6.33815.320
MinimumVisualStudioVersion = 10.0.40219.1
Project("{FAE04EC0-301F-11D3-BF4B-00C04F79EFBC}") = "DemoConsoleApp", "DemoConsoleApp\DemoConsoleApp.csproj", "{7B01B2EE-4580-4C0A-9EA6-03A12F118B4C}"
EndProject
Global
	GlobalSection(SolutionConfigurationPlatforms) = preSolution
		Debug|Any CPU = Debug|Any CPU
		Release|Any CPU = Release|Any CPU
	EndGlobalSection
	GlobalSection(ProjectConfigurationPlatforms) = postSolution
		{7B01B2EE-4580-4C0A-9EA6-03A12F118B4C}.Debug|Any CPU.ActiveCfg = Debug|Any CPU
		{7B01B2EE-4580-4C0A-9EA6-03A12F118B4C}.Debug|Any CPU.Build.0 = Debug|Any CPU
		{7B01B2EE-4580-4C0A-9EA6-03A12F118B4C}.Release|Any CPU.ActiveCfg = Release|Any CPU
		{7B01B2EE-4580-4C0A-9EA6-03A12F118B4C}.Release|Any CPU.Build.0 = Release|Any CPU
	EndGlobalSection
	GlobalSection(SolutionProperties) = preSolution
		HideSolutionNode = FALSE
	EndGlobalSection
	GlobalSection(ExtensibilityGlobals) = postSolution
		SolutionGuid = {0BDCDA16-4D22-48C9-BD53-5D0FEBB11F38}
	EndGlobalSection
EndGlobal
